
Microsoft Visual Studio Solution File, Format Version 12.00
Project("{FAE04EC0-301F-11D3-BF4B-00C04F79EFBC}") = "WebAPI", "WebAPI\WebAPI.csproj", "{217ED2B2-3E6A-4874-A2B4-A02CD31BE5E2}"
EndProject
Project("{2150E333-8FDC-42A3-9474-1A3956D46DE8}") = "Solution Items", "Solution Items", "{ED4B24F6-75D0-48DE-A631-44B88F036289}"
	ProjectSection(SolutionItems) = preProject
		docker-compose.yml = docker-compose.yml
	EndProjectSection
EndProject
Project("{FAE04EC0-301F-11D3-BF4B-00C04F79EFBC}") = "Infrastructure", "Infrastructure\Infrastructure.csproj", "{C5495D92-BB9B-4CD7-99C7-ADE886C1E134}"
EndProject
Project("{FAE04EC0-301F-11D3-BF4B-00C04F79EFBC}") = "Application", "Application\Application.csproj", "{BA149122-59A7-47EE-ACE2-B532F2B4523D}"
EndProject
Project("{FAE04EC0-301F-11D3-BF4B-00C04F79EFBC}") = "Domain", "Domain\Domain.csproj", "{BBB70959-B5F1-441E-AFDF-03F86170B7AE}"
EndProject
Global
	GlobalSection(SolutionConfigurationPlatforms) = preSolution
		Debug|Any CPU = Debug|Any CPU
		Release|Any CPU = Release|Any CPU
	EndGlobalSection
	GlobalSection(ProjectConfigurationPlatforms) = postSolution
		{217ED2B2-3E6A-4874-A2B4-A02CD31BE5E2}.Debug|Any CPU.ActiveCfg = Debug|Any CPU
		{217ED2B2-3E6A-4874-A2B4-A02CD31BE5E2}.Debug|Any CPU.Build.0 = Debug|Any CPU
		{217ED2B2-3E6A-4874-A2B4-A02CD31BE5E2}.Release|Any CPU.ActiveCfg = Release|Any CPU
		{217ED2B2-3E6A-4874-A2B4-A02CD31BE5E2}.Release|Any CPU.Build.0 = Release|Any CPU
		{C5495D92-BB9B-4CD7-99C7-ADE886C1E134}.Debug|Any CPU.ActiveCfg = Debug|Any CPU
		{C5495D92-BB9B-4CD7-99C7-ADE886C1E134}.Debug|Any CPU.Build.0 = Debug|Any CPU
		{C5495D92-BB9B-4CD7-99C7-ADE886C1E134}.Release|Any CPU.ActiveCfg = Release|Any CPU
		{C5495D92-BB9B-4CD7-99C7-ADE886C1E134}.Release|Any CPU.Build.0 = Release|Any CPU
		{BA149122-59A7-47EE-ACE2-B532F2B4523D}.Debug|Any CPU.ActiveCfg = Debug|Any CPU
		{BA149122-59A7-47EE-ACE2-B532F2B4523D}.Debug|Any CPU.Build.0 = Debug|Any CPU
		{BA149122-59A7-47EE-ACE2-B532F2B4523D}.Release|Any CPU.ActiveCfg = Release|Any CPU
		{BA149122-59A7-47EE-ACE2-B532F2B4523D}.Release|Any CPU.Build.0 = Release|Any CPU
		{BBB70959-B5F1-441E-AFDF-03F86170B7AE}.Debug|Any CPU.ActiveCfg = Debug|Any CPU
		{BBB70959-B5F1-441E-AFDF-03F86170B7AE}.Debug|Any CPU.Build.0 = Debug|Any CPU
		{BBB70959-B5F1-441E-AFDF-03F86170B7AE}.Release|Any CPU.ActiveCfg = Release|Any CPU
		{BBB70959-B5F1-441E-AFDF-03F86170B7AE}.Release|Any CPU.Build.0 = Release|Any CPU
	EndGlobalSection
EndGlobal
